// !$*UTF8*$!
{
	archiveVersion = 1;
	classes = {
	};
	objectVersion = 52;
	objects = {

/* Begin PBXBuildFile section */
		410028C124A233D100EFEC60 /* HomeView.swift in Sources */ = {isa = PBXBuildFile; fileRef = 410028C024A233D100EFEC60 /* HomeView.swift */; };
		41346D1D2496560800C24694 /* AppDelegate.swift in Sources */ = {isa = PBXBuildFile; fileRef = 41346D1C2496560800C24694 /* AppDelegate.swift */; };
		41346D1F2496560800C24694 /* SceneDelegate.swift in Sources */ = {isa = PBXBuildFile; fileRef = 41346D1E2496560800C24694 /* SceneDelegate.swift */; };
		41346D212496560800C24694 /* ContentView.swift in Sources */ = {isa = PBXBuildFile; fileRef = 41346D202496560800C24694 /* ContentView.swift */; };
		41346D232496560900C24694 /* Assets.xcassets in Resources */ = {isa = PBXBuildFile; fileRef = 41346D222496560900C24694 /* Assets.xcassets */; };
		41346D262496560900C24694 /* Preview Assets.xcassets in Resources */ = {isa = PBXBuildFile; fileRef = 41346D252496560900C24694 /* Preview Assets.xcassets */; };
		41346D292496560900C24694 /* LaunchScreen.storyboard in Resources */ = {isa = PBXBuildFile; fileRef = 41346D272496560900C24694 /* LaunchScreen.storyboard */; };
		41346D35249688A900C24694 /* Country.swift in Sources */ = {isa = PBXBuildFile; fileRef = 41346D34249688A900C24694 /* Country.swift */; };
		41636ADF24977D0700FA550F /* SwiftUIPullToRefresh in Frameworks */ = {isa = PBXBuildFile; productRef = 41636ADE24977D0700FA550F /* SwiftUIPullToRefresh */; };
		419505AA24979E0600D58886 /* SwiftUIRefresh in Frameworks */ = {isa = PBXBuildFile; productRef = 419505A924979E0600D58886 /* SwiftUIRefresh */; };
		419505AE2499541700D58886 /* CountriesViewModel.swift in Sources */ = {isa = PBXBuildFile; fileRef = 419505AD2499541700D58886 /* CountriesViewModel.swift */; };
		419505B12499590F00D58886 /* DetailsView.swift in Sources */ = {isa = PBXBuildFile; fileRef = 419505B02499590F00D58886 /* DetailsView.swift */; };
		419505B32499634200D58886 /* CountryListView.swift in Sources */ = {isa = PBXBuildFile; fileRef = 419505B22499634200D58886 /* CountryListView.swift */; };
		419505B5249A1C2D00D58886 /* CountryItemView.swift in Sources */ = {isa = PBXBuildFile; fileRef = 419505B4249A1C2D00D58886 /* CountryItemView.swift */; };
		419505B7249A201900D58886 /* Response.swift in Sources */ = {isa = PBXBuildFile; fileRef = 419505B6249A201900D58886 /* Response.swift */; };
		419505B9249A203600D58886 /* Global.swift in Sources */ = {isa = PBXBuildFile; fileRef = 419505B8249A203600D58886 /* Global.swift */; };
		41978C7B24A1351A0061C21C /* DetailItem.swift in Sources */ = {isa = PBXBuildFile; fileRef = 41978C7A24A1351A0061C21C /* DetailItem.swift */; };
/* End PBXBuildFile section */

/* Begin PBXFileReference section */
		410028C024A233D100EFEC60 /* HomeView.swift */ = {isa = PBXFileReference; lastKnownFileType = sourcecode.swift; path = HomeView.swift; sourceTree = "<group>"; };
		41346D192496560800C24694 /* SupHealth.app */ = {isa = PBXFileReference; explicitFileType = wrapper.application; includeInIndex = 0; path = SupHealth.app; sourceTree = BUILT_PRODUCTS_DIR; };
		41346D1C2496560800C24694 /* AppDelegate.swift */ = {isa = PBXFileReference; lastKnownFileType = sourcecode.swift; path = AppDelegate.swift; sourceTree = "<group>"; };
		41346D1E2496560800C24694 /* SceneDelegate.swift */ = {isa = PBXFileReference; lastKnownFileType = sourcecode.swift; path = SceneDelegate.swift; sourceTree = "<group>"; };
		41346D202496560800C24694 /* ContentView.swift */ = {isa = PBXFileReference; lastKnownFileType = sourcecode.swift; path = ContentView.swift; sourceTree = "<group>"; };
		41346D222496560900C24694 /* Assets.xcassets */ = {isa = PBXFileReference; lastKnownFileType = folder.assetcatalog; path = Assets.xcassets; sourceTree = "<group>"; };
		41346D252496560900C24694 /* Preview Assets.xcassets */ = {isa = PBXFileReference; lastKnownFileType = folder.assetcatalog; path = "Preview Assets.xcassets"; sourceTree = "<group>"; };
		41346D282496560900C24694 /* Base */ = {isa = PBXFileReference; lastKnownFileType = file.storyboard; name = Base; path = Base.lproj/LaunchScreen.storyboard; sourceTree = "<group>"; };
		41346D2A2496560900C24694 /* Info.plist */ = {isa = PBXFileReference; lastKnownFileType = text.plist.xml; path = Info.plist; sourceTree = "<group>"; };
		41346D34249688A900C24694 /* Country.swift */ = {isa = PBXFileReference; lastKnownFileType = sourcecode.swift; path = Country.swift; sourceTree = "<group>"; };
		419505AD2499541700D58886 /* CountriesViewModel.swift */ = {isa = PBXFileReference; lastKnownFileType = sourcecode.swift; path = CountriesViewModel.swift; sourceTree = "<group>"; };
		419505B02499590F00D58886 /* DetailsView.swift */ = {isa = PBXFileReference; lastKnownFileType = sourcecode.swift; path = DetailsView.swift; sourceTree = "<group>"; };
		419505B22499634200D58886 /* CountryListView.swift */ = {isa = PBXFileReference; lastKnownFileType = sourcecode.swift; path = CountryListView.swift; sourceTree = "<group>"; };
		419505B4249A1C2D00D58886 /* CountryItemView.swift */ = {isa = PBXFileReference; lastKnownFileType = sourcecode.swift; path = CountryItemView.swift; sourceTree = "<group>"; };
		419505B6249A201900D58886 /* Response.swift */ = {isa = PBXFileReference; lastKnownFileType = sourcecode.swift; path = Response.swift; sourceTree = "<group>"; };
		419505B8249A203600D58886 /* Global.swift */ = {isa = PBXFileReference; lastKnownFileType = sourcecode.swift; path = Global.swift; sourceTree = "<group>"; };
		41978C7A24A1351A0061C21C /* DetailItem.swift */ = {isa = PBXFileReference; lastKnownFileType = sourcecode.swift; path = DetailItem.swift; sourceTree = "<group>"; };
/* End PBXFileReference section */

/* Begin PBXFrameworksBuildPhase section */
		41346D162496560800C24694 /* Frameworks */ = {
			isa = PBXFrameworksBuildPhase;
			buildActionMask = 2147483647;
			files = (
				419505AA24979E0600D58886 /* SwiftUIRefresh in Frameworks */,
				41636ADF24977D0700FA550F /* SwiftUIPullToRefresh in Frameworks */,
			);
			runOnlyForDeploymentPostprocessing = 0;
		};
/* End PBXFrameworksBuildPhase section */

/* Begin PBXGroup section */
		41346D102496560800C24694 = {
			isa = PBXGroup;
			children = (
				41346D1B2496560800C24694 /* SupHealth */,
				41346D1A2496560800C24694 /* Products */,
			);
			sourceTree = "<group>";
		};
		41346D1A2496560800C24694 /* Products */ = {
			isa = PBXGroup;
			children = (
				41346D192496560800C24694 /* SupHealth.app */,
			);
			name = Products;
			sourceTree = "<group>";
		};
		41346D1B2496560800C24694 /* SupHealth */ = {
			isa = PBXGroup;
			children = (
				419505AF249958F600D58886 /* Views */,
				419505AC249953FA00D58886 /* ViewModels */,
				419505AB249953DE00D58886 /* Structs */,
				41346D1C2496560800C24694 /* AppDelegate.swift */,
				41346D1E2496560800C24694 /* SceneDelegate.swift */,
				41346D222496560900C24694 /* Assets.xcassets */,
				41346D272496560900C24694 /* LaunchScreen.storyboard */,
				41346D2A2496560900C24694 /* Info.plist */,
				41346D242496560900C24694 /* Preview Content */,
			);
			path = SupHealth;
			sourceTree = "<group>";
		};
		41346D242496560900C24694 /* Preview Content */ = {
			isa = PBXGroup;
			children = (
				41346D252496560900C24694 /* Preview Assets.xcassets */,
			);
			path = "Preview Content";
			sourceTree = "<group>";
		};
		419505AB249953DE00D58886 /* Structs */ = {
			isa = PBXGroup;
			children = (
				41346D34249688A900C24694 /* Country.swift */,
				419505B6249A201900D58886 /* Response.swift */,
				419505B8249A203600D58886 /* Global.swift */,
			);
			path = Structs;
			sourceTree = "<group>";
		};
		419505AC249953FA00D58886 /* ViewModels */ = {
			isa = PBXGroup;
			children = (
				419505AD2499541700D58886 /* CountriesViewModel.swift */,
			);
			path = ViewModels;
			sourceTree = "<group>";
		};
		419505AF249958F600D58886 /* Views */ = {
			isa = PBXGroup;
			children = (
				41346D202496560800C24694 /* ContentView.swift */,
				419505B02499590F00D58886 /* DetailsView.swift */,
				419505B22499634200D58886 /* CountryListView.swift */,
				419505B4249A1C2D00D58886 /* CountryItemView.swift */,
				41978C7A24A1351A0061C21C /* DetailItem.swift */,
				410028C024A233D100EFEC60 /* HomeView.swift */,
			);
			path = Views;
			sourceTree = "<group>";
		};
/* End PBXGroup section */

/* Begin PBXNativeTarget section */
		41346D182496560800C24694 /* SupHealth */ = {
			isa = PBXNativeTarget;
			buildConfigurationList = 41346D2D2496560900C24694 /* Build configuration list for PBXNativeTarget "SupHealth" */;
			buildPhases = (
				41346D152496560800C24694 /* Sources */,
				41346D162496560800C24694 /* Frameworks */,
				41346D172496560800C24694 /* Resources */,
			);
			buildRules = (
			);
			dependencies = (
			);
			name = SupHealth;
			packageProductDependencies = (
				41636ADE24977D0700FA550F /* SwiftUIPullToRefresh */,
				419505A924979E0600D58886 /* SwiftUIRefresh */,
			);
			productName = SupHealth;
			productReference = 41346D192496560800C24694 /* SupHealth.app */;
			productType = "com.apple.product-type.application";
		};
/* End PBXNativeTarget section */

/* Begin PBXProject section */
		41346D112496560800C24694 /* Project object */ = {
			isa = PBXProject;
			attributes = {
				LastSwiftUpdateCheck = 1150;
				LastUpgradeCheck = 1150;
				ORGANIZATIONNAME = benjazor;
				TargetAttributes = {
					41346D182496560800C24694 = {
						CreatedOnToolsVersion = 11.5;
					};
				};
			};
			buildConfigurationList = 41346D142496560800C24694 /* Build configuration list for PBXProject "SupHealth" */;
			compatibilityVersion = "Xcode 9.3";
			developmentRegion = en;
			hasScannedForEncodings = 0;
			knownRegions = (
				en,
				Base,
			);
			mainGroup = 41346D102496560800C24694;
			packageReferences = (
				41636ADD24977D0700FA550F /* XCRemoteSwiftPackageReference "SwiftUI-PullToRefresh" */,
				419505A824979E0600D58886 /* XCRemoteSwiftPackageReference "SwiftUIRefresh" */,
			);
			productRefGroup = 41346D1A2496560800C24694 /* Products */;
			projectDirPath = "";
			projectRoot = "";
			targets = (
				41346D182496560800C24694 /* SupHealth */,
			);
		};
/* End PBXProject section */

/* Begin PBXResourcesBuildPhase section */
		41346D172496560800C24694 /* Resources */ = {
			isa = PBXResourcesBuildPhase;
			buildActionMask = 2147483647;
			files = (
				41346D292496560900C24694 /* LaunchScreen.storyboard in Resources */,
				41346D262496560900C24694 /* Preview Assets.xcassets in Resources */,
				41346D232496560900C24694 /* Assets.xcassets in Resources */,
			);
			runOnlyForDeploymentPostprocessing = 0;
		};
/* End PBXResourcesBuildPhase section */

/* Begin PBXSourcesBuildPhase section */
		41346D152496560800C24694 /* Sources */ = {
			isa = PBXSourcesBuildPhase;
			buildActionMask = 2147483647;
			files = (
				41346D35249688A900C24694 /* Country.swift in Sources */,
				419505B7249A201900D58886 /* Response.swift in Sources */,
				419505B9249A203600D58886 /* Global.swift in Sources */,
				41346D1D2496560800C24694 /* AppDelegate.swift in Sources */,
				419505B32499634200D58886 /* CountryListView.swift in Sources */,
				41346D1F2496560800C24694 /* SceneDelegate.swift in Sources */,
				419505AE2499541700D58886 /* CountriesViewModel.swift in Sources */,
				41346D212496560800C24694 /* ContentView.swift in Sources */,
				41978C7B24A1351A0061C21C /* DetailItem.swift in Sources */,
				410028C124A233D100EFEC60 /* HomeView.swift in Sources */,
				419505B5249A1C2D00D58886 /* CountryItemView.swift in Sources */,
				419505B12499590F00D58886 /* DetailsView.swift in Sources */,
			);
			runOnlyForDeploymentPostprocessing = 0;
		};
/* End PBXSourcesBuildPhase section */

/* Begin PBXVariantGroup section */
		41346D272496560900C24694 /* LaunchScreen.storyboard */ = {
			isa = PBXVariantGroup;
			children = (
				41346D282496560900C24694 /* Base */,
			);
			name = LaunchScreen.storyboard;
			sourceTree = "<group>";
		};
/* End PBXVariantGroup section */

/* Begin XCBuildConfiguration section */
		41346D2B2496560900C24694 /* Debug */ = {
			isa = XCBuildConfiguration;
			buildSettings = {
				ALWAYS_SEARCH_USER_PATHS = NO;
				CLANG_ANALYZER_NONNULL = YES;
				CLANG_ANALYZER_NUMBER_OBJECT_CONVERSION = YES_AGGRESSIVE;
				CLANG_CXX_LANGUAGE_STANDARD = "gnu++14";
				CLANG_CXX_LIBRARY = "libc++";
				CLANG_ENABLE_MODULES = YES;
				CLANG_ENABLE_OBJC_ARC = YES;
				CLANG_ENABLE_OBJC_WEAK = YES;
				CLANG_WARN_BLOCK_CAPTURE_AUTORELEASING = YES;
				CLANG_WARN_BOOL_CONVERSION = YES;
				CLANG_WARN_COMMA = YES;
				CLANG_WARN_CONSTANT_CONVERSION = YES;
				CLANG_WARN_DEPRECATED_OBJC_IMPLEMENTATIONS = YES;
				CLANG_WARN_DIRECT_OBJC_ISA_USAGE = YES_ERROR;
				CLANG_WARN_DOCUMENTATION_COMMENTS = YES;
				CLANG_WARN_EMPTY_BODY = YES;
				CLANG_WARN_ENUM_CONVERSION = YES;
				CLANG_WARN_INFINITE_RECURSION = YES;
				CLANG_WARN_INT_CONVERSION = YES;
				CLANG_WARN_NON_LITERAL_NULL_CONVERSION = YES;
				CLANG_WARN_OBJC_IMPLICIT_RETAIN_SELF = YES;
				CLANG_WARN_OBJC_LITERAL_CONVERSION = YES;
				CLANG_WARN_OBJC_ROOT_CLASS = YES_ERROR;
				CLANG_WARN_RANGE_LOOP_ANALYSIS = YES;
				CLANG_WARN_STRICT_PROTOTYPES = YES;
				CLANG_WARN_SUSPICIOUS_MOVE = YES;
				CLANG_WARN_UNGUARDED_AVAILABILITY = YES_AGGRESSIVE;
				CLANG_WARN_UNREACHABLE_CODE = YES;
				CLANG_WARN__DUPLICATE_METHOD_MATCH = YES;
				COPY_PHASE_STRIP = NO;
				DEBUG_INFORMATION_FORMAT = dwarf;
				ENABLE_STRICT_OBJC_MSGSEND = YES;
				ENABLE_TESTABILITY = YES;
				GCC_C_LANGUAGE_STANDARD = gnu11;
				GCC_DYNAMIC_NO_PIC = NO;
				GCC_NO_COMMON_BLOCKS = YES;
				GCC_OPTIMIZATION_LEVEL = 0;
				GCC_PREPROCESSOR_DEFINITIONS = (
					"DEBUG=1",
					"$(inherited)",
				);
				GCC_WARN_64_TO_32_BIT_CONVERSION = YES;
				GCC_WARN_ABOUT_RETURN_TYPE = YES_ERROR;
				GCC_WARN_UNDECLARED_SELECTOR = YES;
				GCC_WARN_UNINITIALIZED_AUTOS = YES_AGGRESSIVE;
				GCC_WARN_UNUSED_FUNCTION = YES;
				GCC_WARN_UNUSED_VARIABLE = YES;
				IPHONEOS_DEPLOYMENT_TARGET = 13.5;
				MTL_ENABLE_DEBUG_INFO = INCLUDE_SOURCE;
				MTL_FAST_MATH = YES;
				ONLY_ACTIVE_ARCH = YES;
				SDKROOT = iphoneos;
				SWIFT_ACTIVE_COMPILATION_CONDITIONS = DEBUG;
				SWIFT_OPTIMIZATION_LEVEL = "-Onone";
			};
			name = Debug;
		};
		41346D2C2496560900C24694 /* Release */ = {
			isa = XCBuildConfiguration;
			buildSettings = {
				ALWAYS_SEARCH_USER_PATHS = NO;
				CLANG_ANALYZER_NONNULL = YES;
				CLANG_ANALYZER_NUMBER_OBJECT_CONVERSION = YES_AGGRESSIVE;
				CLANG_CXX_LANGUAGE_STANDARD = "gnu++14";
				CLANG_CXX_LIBRARY = "libc++";
				CLANG_ENABLE_MODULES = YES;
				CLANG_ENABLE_OBJC_ARC = YES;
				CLANG_ENABLE_OBJC_WEAK = YES;
				CLANG_WARN_BLOCK_CAPTURE_AUTORELEASING = YES;
				CLANG_WARN_BOOL_CONVERSION = YES;
				CLANG_WARN_COMMA = YES;
				CLANG_WARN_CONSTANT_CONVERSION = YES;
				CLANG_WARN_DEPRECATED_OBJC_IMPLEMENTATIONS = YES;
				CLANG_WARN_DIRECT_OBJC_ISA_USAGE = YES_ERROR;
				CLANG_WARN_DOCUMENTATION_COMMENTS = YES;
				CLANG_WARN_EMPTY_BODY = YES;
				CLANG_WARN_ENUM_CONVERSION = YES;
				CLANG_WARN_INFINITE_RECURSION = YES;
				CLANG_WARN_INT_CONVERSION = YES;
				CLANG_WARN_NON_LITERAL_NULL_CONVERSION = YES;
				CLANG_WARN_OBJC_IMPLICIT_RETAIN_SELF = YES;
				CLANG_WARN_OBJC_LITERAL_CONVERSION = YES;
				CLANG_WARN_OBJC_ROOT_CLASS = YES_ERROR;
				CLANG_WARN_RANGE_LOOP_ANALYSIS = YES;
				CLANG_WARN_STRICT_PROTOTYPES = YES;
				CLANG_WARN_SUSPICIOUS_MOVE = YES;
				CLANG_WARN_UNGUARDED_AVAILABILITY = YES_AGGRESSIVE;
				CLANG_WARN_UNREACHABLE_CODE = YES;
				CLANG_WARN__DUPLICATE_METHOD_MATCH = YES;
				COPY_PHASE_STRIP = NO;
				DEBUG_INFORMATION_FORMAT = "dwarf-with-dsym";
				ENABLE_NS_ASSERTIONS = NO;
				ENABLE_STRICT_OBJC_MSGSEND = YES;
				GCC_C_LANGUAGE_STANDARD = gnu11;
				GCC_NO_COMMON_BLOCKS = YES;
				GCC_WARN_64_TO_32_BIT_CONVERSION = YES;
				GCC_WARN_ABOUT_RETURN_TYPE = YES_ERROR;
				GCC_WARN_UNDECLARED_SELECTOR = YES;
				GCC_WARN_UNINITIALIZED_AUTOS = YES_AGGRESSIVE;
				GCC_WARN_UNUSED_FUNCTION = YES;
				GCC_WARN_UNUSED_VARIABLE = YES;
				IPHONEOS_DEPLOYMENT_TARGET = 13.5;
				MTL_ENABLE_DEBUG_INFO = NO;
				MTL_FAST_MATH = YES;
				SDKROOT = iphoneos;
				SWIFT_COMPILATION_MODE = wholemodule;
				SWIFT_OPTIMIZATION_LEVEL = "-O";
				VALIDATE_PRODUCT = YES;
			};
			name = Release;
		};
		41346D2E2496560900C24694 /* Debug */ = {
			isa = XCBuildConfiguration;
			buildSettings = {
				ASSETCATALOG_COMPILER_APPICON_NAME = AppIcon;
				CODE_SIGN_STYLE = Automatic;
				DEVELOPMENT_ASSET_PATHS = "\"SupHealth/Preview Content\"";
				DEVELOPMENT_TEAM = 5D3ZGACQB7;
				ENABLE_PREVIEWS = YES;
				INFOPLIST_FILE = SupHealth/Info.plist;
				LD_RUNPATH_SEARCH_PATHS = (
					"$(inherited)",
					"@executable_path/Frameworks",
				);
				PRODUCT_BUNDLE_IDENTIFIER = net.benjazor.SupHealth;
				PRODUCT_NAME = "$(TARGET_NAME)";
				SWIFT_VERSION = 5.0;
				TARGETED_DEVICE_FAMILY = "1,2";
			};
			name = Debug;
		};
		41346D2F2496560900C24694 /* Release */ = {
			isa = XCBuildConfiguration;
			buildSettings = {
				ASSETCATALOG_COMPILER_APPICON_NAME = AppIcon;
				CODE_SIGN_STYLE = Automatic;
				DEVELOPMENT_ASSET_PATHS = "\"SupHealth/Preview Content\"";
				DEVELOPMENT_TEAM = 5D3ZGACQB7;
				ENABLE_PREVIEWS = YES;
				INFOPLIST_FILE = SupHealth/Info.plist;
				LD_RUNPATH_SEARCH_PATHS = (
					"$(inherited)",
					"@executable_path/Frameworks",
				);
				PRODUCT_BUNDLE_IDENTIFIER = net.benjazor.SupHealth;
				PRODUCT_NAME = "$(TARGET_NAME)";
				SWIFT_VERSION = 5.0;
				TARGETED_DEVICE_FAMILY = "1,2";
			};
			name = Release;
		};
/* End XCBuildConfiguration section */

/* Begin XCConfigurationList section */
		41346D142496560800C24694 /* Build configuration list for PBXProject "SupHealth" */ = {
			isa = XCConfigurationList;
			buildConfigurations = (
				41346D2B2496560900C24694 /* Debug */,
				41346D2C2496560900C24694 /* Release */,
			);
			defaultConfigurationIsVisible = 0;
			defaultConfigurationName = Release;
		};
		41346D2D2496560900C24694 /* Build configuration list for PBXNativeTarget "SupHealth" */ = {
			isa = XCConfigurationList;
			buildConfigurations = (
				41346D2E2496560900C24694 /* Debug */,
				41346D2F2496560900C24694 /* Release */,
			);
			defaultConfigurationIsVisible = 0;
			defaultConfigurationName = Release;
		};
/* End XCConfigurationList section */

/* Begin XCRemoteSwiftPackageReference section */
		41636ADD24977D0700FA550F /* XCRemoteSwiftPackageReference "SwiftUI-PullToRefresh" */ = {
			isa = XCRemoteSwiftPackageReference;
			repositoryURL = "https://github.com/AppPear/SwiftUI-PullToRefresh";
			requirement = {
				kind = upToNextMajorVersion;
				minimumVersion = 1.0.0;
			};
		};
		419505A824979E0600D58886 /* XCRemoteSwiftPackageReference "SwiftUIRefresh" */ = {
			isa = XCRemoteSwiftPackageReference;
			repositoryURL = "https://github.com/timbersoftware/SwiftUIRefresh.git";
			requirement = {
				kind = upToNextMajorVersion;
				minimumVersion = 0.0.3;
			};
		};
/* End XCRemoteSwiftPackageReference section */

/* Begin XCSwiftPackageProductDependency section */
		41636ADE24977D0700FA550F /* SwiftUIPullToRefresh */ = {
			isa = XCSwiftPackageProductDependency;
			package = 41636ADD24977D0700FA550F /* XCRemoteSwiftPackageReference "SwiftUI-PullToRefresh" */;
			productName = SwiftUIPullToRefresh;
		};
		419505A924979E0600D58886 /* SwiftUIRefresh */ = {
			isa = XCSwiftPackageProductDependency;
			package = 419505A824979E0600D58886 /* XCRemoteSwiftPackageReference "SwiftUIRefresh" */;
			productName = SwiftUIRefresh;
		};
/* End XCSwiftPackageProductDependency section */
	};
	rootObject = 41346D112496560800C24694 /* Project object */;
}
